# This file was autogenerated by Stack.
# You should not edit this file by hand.
# For more information, please see the documentation at:
#   https://docs.haskellstack.org/en/stable/lock_files

packages:
- completed:
    hackage: Euterpea-2.0.7@sha256:81d583a47d483bf83ac07df7b764138f1aa52a56db4e7c7f685d070dbac4b388,2661
    pantry-tree:
      size: 1603
      sha256: a1347f151792305d59844270d6e4e9ec0958873a9bf17430aee57c8940d6f902
  original:
    hackage: Euterpea-2.0.7@sha256:81d583a47d483bf83ac07df7b764138f1aa52a56db4e7c7f685d070dbac4b388,2661
- completed:
    hackage: PortMidi-0.2.0.0@sha256:0671e36ec72e95138bf396234b205864a8a6d0ee353e09e01cbfd57004c56f40,2383
    pantry-tree:
      size: 1818
      sha256: c9936666afc390560319024c25ecb184e2518ae4d3be5ae14081231091c1f073
  original:
    hackage: PortMidi-0.2.0.0@sha256:0671e36ec72e95138bf396234b205864a8a6d0ee353e09e01cbfd57004c56f40,2383
snapshots:
- completed:
    size: 585817
    url: https://raw.githubusercontent.com/commercialhaskell/stackage-snapshots/master/lts/18/5.yaml
    sha256: 22d24d0dacad9c1450b9a174c28d203f9bb482a2a8da9710a2f2a9f4afee2887
  original: lts-18.5
